// !$*UTF8*$!
{
	archiveVersion = 1;
	classes = {
	};
	objectVersion = 60;
	objects = {

/* Begin PBXBuildFile section */
		B71C91B32BC220BC003C6635 /* CoraUI in Frameworks */ = {isa = PBXBuildFile; productRef = B71C91B22BC220BC003C6635 /* CoraUI */; };
		B71C91BD2BC23216003C6635 /* BaseViewController.swift in Sources */ = {isa = PBXBuildFile; fileRef = B71C91BC2BC23216003C6635 /* BaseViewController.swift */; };
		B71C91C12BC232FD003C6635 /* Coordinator.swift in Sources */ = {isa = PBXBuildFile; fileRef = B71C91C02BC232FD003C6635 /* Coordinator.swift */; };
		B71C91C42BC2348E003C6635 /* CoordinatorDelegate.swift in Sources */ = {isa = PBXBuildFile; fileRef = B71C91C32BC2348E003C6635 /* CoordinatorDelegate.swift */; };
		B71C91C62BC234BD003C6635 /* AppCoordinator.swift in Sources */ = {isa = PBXBuildFile; fileRef = B71C91C52BC234BD003C6635 /* AppCoordinator.swift */; };
		B71C91CB2BC25327003C6635 /* HomeViewController.swift in Sources */ = {isa = PBXBuildFile; fileRef = B71C91CA2BC25327003C6635 /* HomeViewController.swift */; };
		B71C91CD2BC2535B003C6635 /* LoginPasswordViewController.swift in Sources */ = {isa = PBXBuildFile; fileRef = B71C91CC2BC2535B003C6635 /* LoginPasswordViewController.swift */; };
		B71C91CF2BC25381003C6635 /* LoginProfileViewController.swift in Sources */ = {isa = PBXBuildFile; fileRef = B71C91CE2BC25381003C6635 /* LoginProfileViewController.swift */; };
		B71C91D22BC253B5003C6635 /* TransactionsViewController.swift in Sources */ = {isa = PBXBuildFile; fileRef = B71C91D12BC253B5003C6635 /* TransactionsViewController.swift */; };
		B71C91D52BC253F6003C6635 /* TransactionDetailsViewController.swift in Sources */ = {isa = PBXBuildFile; fileRef = B71C91D42BC253F6003C6635 /* TransactionDetailsViewController.swift */; };
		B71C91D72BC259DF003C6635 /* CoordinatedFlow.swift in Sources */ = {isa = PBXBuildFile; fileRef = B71C91D62BC259DF003C6635 /* CoordinatedFlow.swift */; };
		B73315862BC641E10072AEE8 /* UISegmentedControl+Extension.swift in Sources */ = {isa = PBXBuildFile; fileRef = B73315852BC641E10072AEE8 /* UISegmentedControl+Extension.swift */; };
		B73315882BC642210072AEE8 /* UIImage+Extension.swift in Sources */ = {isa = PBXBuildFile; fileRef = B73315872BC642210072AEE8 /* UIImage+Extension.swift */; };
		B73681032BC79DF200B22120 /* Transaction.swift in Sources */ = {isa = PBXBuildFile; fileRef = B73681022BC79DF200B22120 /* Transaction.swift */; };
		B73681052BC7A94000B22120 /* TransactionGroups.swift in Sources */ = {isa = PBXBuildFile; fileRef = B73681042BC7A94000B22120 /* TransactionGroups.swift */; };
		B73681072BC7A95400B22120 /* DailyTransactions.swift in Sources */ = {isa = PBXBuildFile; fileRef = B73681062BC7A95400B22120 /* DailyTransactions.swift */; };
		B73681092BC7AE2800B22120 /* Date+Extension.swift in Sources */ = {isa = PBXBuildFile; fileRef = B73681082BC7AE2800B22120 /* Date+Extension.swift */; };
		B736810B2BC7B11E00B22120 /* DailyTransactionsViewModel.swift in Sources */ = {isa = PBXBuildFile; fileRef = B736810A2BC7B11E00B22120 /* DailyTransactionsViewModel.swift */; };
		B736810E2BC8318C00B22120 /* TransactionsGroupViewModel.swift in Sources */ = {isa = PBXBuildFile; fileRef = B736810D2BC8318C00B22120 /* TransactionsGroupViewModel.swift */; };
		B73681122BC8327F00B22120 /* TransactionDetailsViewModel.swift in Sources */ = {isa = PBXBuildFile; fileRef = B73681112BC8327F00B22120 /* TransactionDetailsViewModel.swift */; };
		B73681142BC86A2900B22120 /* TransactionDetail.swift in Sources */ = {isa = PBXBuildFile; fileRef = B73681132BC86A2900B22120 /* TransactionDetail.swift */; };
		B77A9BFF2BC5D5D8009C0A19 /* Constants.swift in Sources */ = {isa = PBXBuildFile; fileRef = B77A9BFE2BC5D5D8009C0A19 /* Constants.swift */; };
		B77A9C022BC5DFB4009C0A19 /* TransactionViewModel.swift in Sources */ = {isa = PBXBuildFile; fileRef = B77A9C012BC5DFB4009C0A19 /* TransactionViewModel.swift */; };
		B77A9C042BC5E319009C0A19 /* TransactionTableViewCell.swift in Sources */ = {isa = PBXBuildFile; fileRef = B77A9C032BC5E319009C0A19 /* TransactionTableViewCell.swift */; };
		B7F564DD2BC20890009C7893 /* AppDelegate.swift in Sources */ = {isa = PBXBuildFile; fileRef = B7F564DC2BC20890009C7893 /* AppDelegate.swift */; };
		B7F564DF2BC20890009C7893 /* SceneDelegate.swift in Sources */ = {isa = PBXBuildFile; fileRef = B7F564DE2BC20890009C7893 /* SceneDelegate.swift */; };
		B7F564E62BC20893009C7893 /* Assets.xcassets in Resources */ = {isa = PBXBuildFile; fileRef = B7F564E52BC20893009C7893 /* Assets.xcassets */; };
		B7F564E92BC20893009C7893 /* Base in Resources */ = {isa = PBXBuildFile; fileRef = B7F564E82BC20893009C7893 /* Base */; };
		B7F564F42BC20893009C7893 /* CoraTests.swift in Sources */ = {isa = PBXBuildFile; fileRef = B7F564F32BC20893009C7893 /* CoraTests.swift */; };
		B7F564FE2BC20893009C7893 /* CoraUITests.swift in Sources */ = {isa = PBXBuildFile; fileRef = B7F564FD2BC20893009C7893 /* CoraUITests.swift */; };
		B7F565002BC20893009C7893 /* CoraUITestsLaunchTests.swift in Sources */ = {isa = PBXBuildFile; fileRef = B7F564FF2BC20893009C7893 /* CoraUITestsLaunchTests.swift */; };
/* End PBXBuildFile section */

/* Begin PBXContainerItemProxy section */
		B7F564F02BC20893009C7893 /* PBXContainerItemProxy */ = {
			isa = PBXContainerItemProxy;
			containerPortal = B7F564D12BC20890009C7893 /* Project object */;
			proxyType = 1;
			remoteGlobalIDString = B7F564D82BC20890009C7893;
			remoteInfo = Cora;
		};
		B7F564FA2BC20893009C7893 /* PBXContainerItemProxy */ = {
			isa = PBXContainerItemProxy;
			containerPortal = B7F564D12BC20890009C7893 /* Project object */;
			proxyType = 1;
			remoteGlobalIDString = B7F564D82BC20890009C7893;
			remoteInfo = Cora;
		};
/* End PBXContainerItemProxy section */

/* Begin PBXFileReference section */
		B71C91BC2BC23216003C6635 /* BaseViewController.swift */ = {isa = PBXFileReference; lastKnownFileType = sourcecode.swift; path = BaseViewController.swift; sourceTree = "<group>"; };
		B71C91C02BC232FD003C6635 /* Coordinator.swift */ = {isa = PBXFileReference; lastKnownFileType = sourcecode.swift; path = Coordinator.swift; sourceTree = "<group>"; };
		B71C91C32BC2348E003C6635 /* CoordinatorDelegate.swift */ = {isa = PBXFileReference; lastKnownFileType = sourcecode.swift; path = CoordinatorDelegate.swift; sourceTree = "<group>"; };
		B71C91C52BC234BD003C6635 /* AppCoordinator.swift */ = {isa = PBXFileReference; lastKnownFileType = sourcecode.swift; path = AppCoordinator.swift; sourceTree = "<group>"; };
		B71C91CA2BC25327003C6635 /* HomeViewController.swift */ = {isa = PBXFileReference; lastKnownFileType = sourcecode.swift; path = HomeViewController.swift; sourceTree = "<group>"; };
		B71C91CC2BC2535B003C6635 /* LoginPasswordViewController.swift */ = {isa = PBXFileReference; lastKnownFileType = sourcecode.swift; path = LoginPasswordViewController.swift; sourceTree = "<group>"; };
		B71C91CE2BC25381003C6635 /* LoginProfileViewController.swift */ = {isa = PBXFileReference; lastKnownFileType = sourcecode.swift; path = LoginProfileViewController.swift; sourceTree = "<group>"; };
		B71C91D12BC253B5003C6635 /* TransactionsViewController.swift */ = {isa = PBXFileReference; lastKnownFileType = sourcecode.swift; path = TransactionsViewController.swift; sourceTree = "<group>"; };
		B71C91D42BC253F6003C6635 /* TransactionDetailsViewController.swift */ = {isa = PBXFileReference; lastKnownFileType = sourcecode.swift; path = TransactionDetailsViewController.swift; sourceTree = "<group>"; };
		B71C91D62BC259DF003C6635 /* CoordinatedFlow.swift */ = {isa = PBXFileReference; lastKnownFileType = sourcecode.swift; path = CoordinatedFlow.swift; sourceTree = "<group>"; };
		B73315852BC641E10072AEE8 /* UISegmentedControl+Extension.swift */ = {isa = PBXFileReference; lastKnownFileType = sourcecode.swift; path = "UISegmentedControl+Extension.swift"; sourceTree = "<group>"; };
		B73315872BC642210072AEE8 /* UIImage+Extension.swift */ = {isa = PBXFileReference; lastKnownFileType = sourcecode.swift; path = "UIImage+Extension.swift"; sourceTree = "<group>"; };
		B73681022BC79DF200B22120 /* Transaction.swift */ = {isa = PBXFileReference; lastKnownFileType = sourcecode.swift; path = Transaction.swift; sourceTree = "<group>"; };
		B73681042BC7A94000B22120 /* TransactionGroups.swift */ = {isa = PBXFileReference; lastKnownFileType = sourcecode.swift; path = TransactionGroups.swift; sourceTree = "<group>"; };
		B73681062BC7A95400B22120 /* DailyTransactions.swift */ = {isa = PBXFileReference; lastKnownFileType = sourcecode.swift; path = DailyTransactions.swift; sourceTree = "<group>"; };
		B73681082BC7AE2800B22120 /* Date+Extension.swift */ = {isa = PBXFileReference; lastKnownFileType = sourcecode.swift; path = "Date+Extension.swift"; sourceTree = "<group>"; };
		B736810A2BC7B11E00B22120 /* DailyTransactionsViewModel.swift */ = {isa = PBXFileReference; lastKnownFileType = sourcecode.swift; path = DailyTransactionsViewModel.swift; sourceTree = "<group>"; };
		B736810D2BC8318C00B22120 /* TransactionsGroupViewModel.swift */ = {isa = PBXFileReference; lastKnownFileType = sourcecode.swift; path = TransactionsGroupViewModel.swift; sourceTree = "<group>"; };
		B73681112BC8327F00B22120 /* TransactionDetailsViewModel.swift */ = {isa = PBXFileReference; lastKnownFileType = sourcecode.swift; name = TransactionDetailsViewModel.swift; path = ../Models/TransactionDetailsViewModel.swift; sourceTree = "<group>"; };
		B73681132BC86A2900B22120 /* TransactionDetail.swift */ = {isa = PBXFileReference; lastKnownFileType = sourcecode.swift; path = TransactionDetail.swift; sourceTree = "<group>"; };
		B77A9BFE2BC5D5D8009C0A19 /* Constants.swift */ = {isa = PBXFileReference; lastKnownFileType = sourcecode.swift; path = Constants.swift; sourceTree = "<group>"; };
		B77A9C012BC5DFB4009C0A19 /* TransactionViewModel.swift */ = {isa = PBXFileReference; lastKnownFileType = sourcecode.swift; path = TransactionViewModel.swift; sourceTree = "<group>"; };
		B77A9C032BC5E319009C0A19 /* TransactionTableViewCell.swift */ = {isa = PBXFileReference; lastKnownFileType = sourcecode.swift; path = TransactionTableViewCell.swift; sourceTree = "<group>"; };
		B7F564D92BC20890009C7893 /* Cora.app */ = {isa = PBXFileReference; explicitFileType = wrapper.application; includeInIndex = 0; path = Cora.app; sourceTree = BUILT_PRODUCTS_DIR; };
		B7F564DC2BC20890009C7893 /* AppDelegate.swift */ = {isa = PBXFileReference; lastKnownFileType = sourcecode.swift; path = AppDelegate.swift; sourceTree = "<group>"; };
		B7F564DE2BC20890009C7893 /* SceneDelegate.swift */ = {isa = PBXFileReference; lastKnownFileType = sourcecode.swift; path = SceneDelegate.swift; sourceTree = "<group>"; };
		B7F564E52BC20893009C7893 /* Assets.xcassets */ = {isa = PBXFileReference; lastKnownFileType = folder.assetcatalog; path = Assets.xcassets; sourceTree = "<group>"; };
		B7F564E82BC20893009C7893 /* Base */ = {isa = PBXFileReference; lastKnownFileType = file.storyboard; name = Base; path = Base.lproj/LaunchScreen.storyboard; sourceTree = "<group>"; };
		B7F564EA2BC20893009C7893 /* Info.plist */ = {isa = PBXFileReference; lastKnownFileType = text.plist.xml; path = Info.plist; sourceTree = "<group>"; };
		B7F564EF2BC20893009C7893 /* CoraTests.xctest */ = {isa = PBXFileReference; explicitFileType = wrapper.cfbundle; includeInIndex = 0; path = CoraTests.xctest; sourceTree = BUILT_PRODUCTS_DIR; };
		B7F564F32BC20893009C7893 /* CoraTests.swift */ = {isa = PBXFileReference; lastKnownFileType = sourcecode.swift; path = CoraTests.swift; sourceTree = "<group>"; };
		B7F564F92BC20893009C7893 /* CoraUITests.xctest */ = {isa = PBXFileReference; explicitFileType = wrapper.cfbundle; includeInIndex = 0; path = CoraUITests.xctest; sourceTree = BUILT_PRODUCTS_DIR; };
		B7F564FD2BC20893009C7893 /* CoraUITests.swift */ = {isa = PBXFileReference; lastKnownFileType = sourcecode.swift; path = CoraUITests.swift; sourceTree = "<group>"; };
		B7F564FF2BC20893009C7893 /* CoraUITestsLaunchTests.swift */ = {isa = PBXFileReference; lastKnownFileType = sourcecode.swift; path = CoraUITestsLaunchTests.swift; sourceTree = "<group>"; };
/* End PBXFileReference section */

/* Begin PBXFrameworksBuildPhase section */
		B7F564D62BC20890009C7893 /* Frameworks */ = {
			isa = PBXFrameworksBuildPhase;
			buildActionMask = 2147483647;
			files = (
				B71C91B32BC220BC003C6635 /* CoraUI in Frameworks */,
			);
			runOnlyForDeploymentPostprocessing = 0;
		};
		B7F564EC2BC20893009C7893 /* Frameworks */ = {
			isa = PBXFrameworksBuildPhase;
			buildActionMask = 2147483647;
			files = (
			);
			runOnlyForDeploymentPostprocessing = 0;
		};
		B7F564F62BC20893009C7893 /* Frameworks */ = {
			isa = PBXFrameworksBuildPhase;
			buildActionMask = 2147483647;
			files = (
			);
			runOnlyForDeploymentPostprocessing = 0;
		};
/* End PBXFrameworksBuildPhase section */

/* Begin PBXGroup section */
		B71C91B82BC231E3003C6635 /* Views */ = {
			isa = PBXGroup;
			children = (
				B71C91BF2BC232CD003C6635 /* ViewCoordinator */,
				B71C91BB2BC231FC003C6635 /* ViewControllers */,
			);
			path = Views;
			sourceTree = "<group>";
		};
		B71C91BB2BC231FC003C6635 /* ViewControllers */ = {
			isa = PBXGroup;
			children = (
				B71C91D32BC253C1003C6635 /* TransactionDetail */,
				B71C91D02BC25396003C6635 /* BankStatement */,
				B71C91C92BC25317003C6635 /* Home */,
				B71C91C82BC2530B003C6635 /* Login */,
				B71C91C72BC25300003C6635 /* Base */,
			);
			path = ViewControllers;
			sourceTree = "<group>";
		};
		B71C91BF2BC232CD003C6635 /* ViewCoordinator */ = {
			isa = PBXGroup;
			children = (
				B71C91C02BC232FD003C6635 /* Coordinator.swift */,
				B71C91C32BC2348E003C6635 /* CoordinatorDelegate.swift */,
				B71C91C52BC234BD003C6635 /* AppCoordinator.swift */,
				B71C91D62BC259DF003C6635 /* CoordinatedFlow.swift */,
			);
			path = ViewCoordinator;
			sourceTree = "<group>";
		};
		B71C91C72BC25300003C6635 /* Base */ = {
			isa = PBXGroup;
			children = (
				B71C91BC2BC23216003C6635 /* BaseViewController.swift */,
			);
			path = Base;
			sourceTree = "<group>";
		};
		B71C91C82BC2530B003C6635 /* Login */ = {
			isa = PBXGroup;
			children = (
				B71C91CC2BC2535B003C6635 /* LoginPasswordViewController.swift */,
				B71C91CE2BC25381003C6635 /* LoginProfileViewController.swift */,
			);
			path = Login;
			sourceTree = "<group>";
		};
		B71C91C92BC25317003C6635 /* Home */ = {
			isa = PBXGroup;
			children = (
				B71C91CA2BC25327003C6635 /* HomeViewController.swift */,
			);
			path = Home;
			sourceTree = "<group>";
		};
		B71C91D02BC25396003C6635 /* BankStatement */ = {
			isa = PBXGroup;
			children = (
				B71C91D12BC253B5003C6635 /* TransactionsViewController.swift */,
				B77A9C032BC5E319009C0A19 /* TransactionTableViewCell.swift */,
			);
			path = BankStatement;
			sourceTree = "<group>";
		};
		B71C91D32BC253C1003C6635 /* TransactionDetail */ = {
			isa = PBXGroup;
			children = (
				B71C91D42BC253F6003C6635 /* TransactionDetailsViewController.swift */,
			);
			path = TransactionDetail;
			sourceTree = "<group>";
		};
		B73315842BC641C20072AEE8 /* Extensions */ = {
			isa = PBXGroup;
			children = (
				B73315852BC641E10072AEE8 /* UISegmentedControl+Extension.swift */,
				B73315872BC642210072AEE8 /* UIImage+Extension.swift */,
				B73681082BC7AE2800B22120 /* Date+Extension.swift */,
			);
			path = Extensions;
			sourceTree = "<group>";
		};
		B73681002BC79D8200B22120 /* Core */ = {
			isa = PBXGroup;
			children = (
				B7F564DC2BC20890009C7893 /* AppDelegate.swift */,
				B7F564DE2BC20890009C7893 /* SceneDelegate.swift */,
			);
			path = Core;
			sourceTree = "<group>";
		};
		B73681012BC79D9900B22120 /* Models */ = {
			isa = PBXGroup;
			children = (
				B73681022BC79DF200B22120 /* Transaction.swift */,
				B73681042BC7A94000B22120 /* TransactionGroups.swift */,
				B73681062BC7A95400B22120 /* DailyTransactions.swift */,
				B73681132BC86A2900B22120 /* TransactionDetail.swift */,
			);
			path = Models;
			sourceTree = "<group>";
		};
		B77A9BFD2BC5D5CA009C0A19 /* Utils */ = {
			isa = PBXGroup;
			children = (
				B77A9BFE2BC5D5D8009C0A19 /* Constants.swift */,
			);
			path = Utils;
			sourceTree = "<group>";
		};
		B77A9C002BC5DF9F009C0A19 /* ViewModels */ = {
			isa = PBXGroup;
			children = (
				B73681112BC8327F00B22120 /* TransactionDetailsViewModel.swift */,
				B77A9C012BC5DFB4009C0A19 /* TransactionViewModel.swift */,
				B736810A2BC7B11E00B22120 /* DailyTransactionsViewModel.swift */,
				B736810D2BC8318C00B22120 /* TransactionsGroupViewModel.swift */,
			);
			path = ViewModels;
			sourceTree = "<group>";
		};
		B7F564D02BC20890009C7893 = {
			isa = PBXGroup;
			children = (
				B7F564DB2BC20890009C7893 /* Cora */,
				B7F564F22BC20893009C7893 /* CoraTests */,
				B7F564FC2BC20893009C7893 /* CoraUITests */,
				B7F564DA2BC20890009C7893 /* Products */,
			);
			sourceTree = "<group>";
		};
		B7F564DA2BC20890009C7893 /* Products */ = {
			isa = PBXGroup;
			children = (
				B7F564D92BC20890009C7893 /* Cora.app */,
				B7F564EF2BC20893009C7893 /* CoraTests.xctest */,
				B7F564F92BC20893009C7893 /* CoraUITests.xctest */,
			);
			name = Products;
			sourceTree = "<group>";
		};
		B7F564DB2BC20890009C7893 /* Cora */ = {
			isa = PBXGroup;
			children = (
				B73681002BC79D8200B22120 /* Core */,
				B73315842BC641C20072AEE8 /* Extensions */,
				B77A9C002BC5DF9F009C0A19 /* ViewModels */,
				B73681012BC79D9900B22120 /* Models */,
				B77A9BFD2BC5D5CA009C0A19 /* Utils */,
				B71C91B82BC231E3003C6635 /* Views */,
				B7F564E52BC20893009C7893 /* Assets.xcassets */,
				B7F564E72BC20893009C7893 /* LaunchScreen.storyboard */,
				B7F564EA2BC20893009C7893 /* Info.plist */,
			);
			path = Cora;
			sourceTree = "<group>";
		};
		B7F564F22BC20893009C7893 /* CoraTests */ = {
			isa = PBXGroup;
			children = (
				B7F564F32BC20893009C7893 /* CoraTests.swift */,
			);
			path = CoraTests;
			sourceTree = "<group>";
		};
		B7F564FC2BC20893009C7893 /* CoraUITests */ = {
			isa = PBXGroup;
			children = (
				B7F564FD2BC20893009C7893 /* CoraUITests.swift */,
				B7F564FF2BC20893009C7893 /* CoraUITestsLaunchTests.swift */,
			);
			path = CoraUITests;
			sourceTree = "<group>";
		};
/* End PBXGroup section */

/* Begin PBXNativeTarget section */
		B7F564D82BC20890009C7893 /* Cora */ = {
			isa = PBXNativeTarget;
			buildConfigurationList = B7F565032BC20893009C7893 /* Build configuration list for PBXNativeTarget "Cora" */;
			buildPhases = (
				B7F564D52BC20890009C7893 /* Sources */,
				B7F564D62BC20890009C7893 /* Frameworks */,
				B7F564D72BC20890009C7893 /* Resources */,
			);
			buildRules = (
			);
			dependencies = (
			);
			name = Cora;
			packageProductDependencies = (
				B71C91B22BC220BC003C6635 /* CoraUI */,
			);
			productName = Cora;
			productReference = B7F564D92BC20890009C7893 /* Cora.app */;
			productType = "com.apple.product-type.application";
		};
		B7F564EE2BC20893009C7893 /* CoraTests */ = {
			isa = PBXNativeTarget;
			buildConfigurationList = B7F565062BC20893009C7893 /* Build configuration list for PBXNativeTarget "CoraTests" */;
			buildPhases = (
				B7F564EB2BC20893009C7893 /* Sources */,
				B7F564EC2BC20893009C7893 /* Frameworks */,
				B7F564ED2BC20893009C7893 /* Resources */,
			);
			buildRules = (
			);
			dependencies = (
				B7F564F12BC20893009C7893 /* PBXTargetDependency */,
			);
			name = CoraTests;
			productName = CoraTests;
			productReference = B7F564EF2BC20893009C7893 /* CoraTests.xctest */;
			productType = "com.apple.product-type.bundle.unit-test";
		};
		B7F564F82BC20893009C7893 /* CoraUITests */ = {
			isa = PBXNativeTarget;
			buildConfigurationList = B7F565092BC20893009C7893 /* Build configuration list for PBXNativeTarget "CoraUITests" */;
			buildPhases = (
				B7F564F52BC20893009C7893 /* Sources */,
				B7F564F62BC20893009C7893 /* Frameworks */,
				B7F564F72BC20893009C7893 /* Resources */,
			);
			buildRules = (
			);
			dependencies = (
				B7F564FB2BC20893009C7893 /* PBXTargetDependency */,
			);
			name = CoraUITests;
			productName = CoraUITests;
			productReference = B7F564F92BC20893009C7893 /* CoraUITests.xctest */;
			productType = "com.apple.product-type.bundle.ui-testing";
		};
/* End PBXNativeTarget section */

/* Begin PBXProject section */
		B7F564D12BC20890009C7893 /* Project object */ = {
			isa = PBXProject;
			attributes = {
				BuildIndependentTargetsInParallel = 1;
				LastSwiftUpdateCheck = 1530;
				LastUpgradeCheck = 1530;
				TargetAttributes = {
					B7F564D82BC20890009C7893 = {
						CreatedOnToolsVersion = 15.3;
					};
					B7F564EE2BC20893009C7893 = {
						CreatedOnToolsVersion = 15.3;
						TestTargetID = B7F564D82BC20890009C7893;
					};
					B7F564F82BC20893009C7893 = {
						CreatedOnToolsVersion = 15.3;
						TestTargetID = B7F564D82BC20890009C7893;
					};
				};
			};
			buildConfigurationList = B7F564D42BC20890009C7893 /* Build configuration list for PBXProject "Cora" */;
			compatibilityVersion = "Xcode 14.0";
			developmentRegion = en;
			hasScannedForEncodings = 0;
			knownRegions = (
				en,
				Base,
			);
			mainGroup = B7F564D02BC20890009C7893;
			packageReferences = (
				B71C91B12BC220BC003C6635 /* XCLocalSwiftPackageReference "../CoraUI" */,
			);
			productRefGroup = B7F564DA2BC20890009C7893 /* Products */;
			projectDirPath = "";
			projectRoot = "";
			targets = (
				B7F564D82BC20890009C7893 /* Cora */,
				B7F564EE2BC20893009C7893 /* CoraTests */,
				B7F564F82BC20893009C7893 /* CoraUITests */,
			);
		};
/* End PBXProject section */

/* Begin PBXResourcesBuildPhase section */
		B7F564D72BC20890009C7893 /* Resources */ = {
			isa = PBXResourcesBuildPhase;
			buildActionMask = 2147483647;
			files = (
				B7F564E62BC20893009C7893 /* Assets.xcassets in Resources */,
				B7F564E92BC20893009C7893 /* Base in Resources */,
			);
			runOnlyForDeploymentPostprocessing = 0;
		};
		B7F564ED2BC20893009C7893 /* Resources */ = {
			isa = PBXResourcesBuildPhase;
			buildActionMask = 2147483647;
			files = (
			);
			runOnlyForDeploymentPostprocessing = 0;
		};
		B7F564F72BC20893009C7893 /* Resources */ = {
			isa = PBXResourcesBuildPhase;
			buildActionMask = 2147483647;
			files = (
			);
			runOnlyForDeploymentPostprocessing = 0;
		};
/* End PBXResourcesBuildPhase section */

/* Begin PBXSourcesBuildPhase section */
		B7F564D52BC20890009C7893 /* Sources */ = {
			isa = PBXSourcesBuildPhase;
			buildActionMask = 2147483647;
			files = (
				B73315862BC641E10072AEE8 /* UISegmentedControl+Extension.swift in Sources */,
				B71C91CF2BC25381003C6635 /* LoginProfileViewController.swift in Sources */,
				B73681072BC7A95400B22120 /* DailyTransactions.swift in Sources */,
				B77A9C042BC5E319009C0A19 /* TransactionTableViewCell.swift in Sources */,
				B71C91CD2BC2535B003C6635 /* LoginPasswordViewController.swift in Sources */,
				B71C91BD2BC23216003C6635 /* BaseViewController.swift in Sources */,
				B71C91D52BC253F6003C6635 /* TransactionDetailsViewController.swift in Sources */,
				B71C91C12BC232FD003C6635 /* Coordinator.swift in Sources */,
				B71C91D72BC259DF003C6635 /* CoordinatedFlow.swift in Sources */,
				B73681052BC7A94000B22120 /* TransactionGroups.swift in Sources */,
				B736810B2BC7B11E00B22120 /* DailyTransactionsViewModel.swift in Sources */,
				B73681032BC79DF200B22120 /* Transaction.swift in Sources */,
				B73681092BC7AE2800B22120 /* Date+Extension.swift in Sources */,
				B71C91CB2BC25327003C6635 /* HomeViewController.swift in Sources */,
				B77A9BFF2BC5D5D8009C0A19 /* Constants.swift in Sources */,
				B7F564DD2BC20890009C7893 /* AppDelegate.swift in Sources */,
				B71C91D22BC253B5003C6635 /* TransactionsViewController.swift in Sources */,
				B73315882BC642210072AEE8 /* UIImage+Extension.swift in Sources */,
				B73681122BC8327F00B22120 /* TransactionDetailsViewModel.swift in Sources */,
				B7F564DF2BC20890009C7893 /* SceneDelegate.swift in Sources */,
				B71C91C42BC2348E003C6635 /* CoordinatorDelegate.swift in Sources */,
				B73681142BC86A2900B22120 /* TransactionDetail.swift in Sources */,
				B71C91C62BC234BD003C6635 /* AppCoordinator.swift in Sources */,
				B736810E2BC8318C00B22120 /* TransactionsGroupViewModel.swift in Sources */,
				B77A9C022BC5DFB4009C0A19 /* TransactionViewModel.swift in Sources */,
			);
			runOnlyForDeploymentPostprocessing = 0;
		};
		B7F564EB2BC20893009C7893 /* Sources */ = {
			isa = PBXSourcesBuildPhase;
			buildActionMask = 2147483647;
			files = (
				B7F564F42BC20893009C7893 /* CoraTests.swift in Sources */,
			);
			runOnlyForDeploymentPostprocessing = 0;
		};
		B7F564F52BC20893009C7893 /* Sources */ = {
			isa = PBXSourcesBuildPhase;
			buildActionMask = 2147483647;
			files = (
				B7F564FE2BC20893009C7893 /* CoraUITests.swift in Sources */,
				B7F565002BC20893009C7893 /* CoraUITestsLaunchTests.swift in Sources */,
			);
			runOnlyForDeploymentPostprocessing = 0;
		};
/* End PBXSourcesBuildPhase section */

/* Begin PBXTargetDependency section */
		B7F564F12BC20893009C7893 /* PBXTargetDependency */ = {
			isa = PBXTargetDependency;
			target = B7F564D82BC20890009C7893 /* Cora */;
			targetProxy = B7F564F02BC20893009C7893 /* PBXContainerItemProxy */;
		};
		B7F564FB2BC20893009C7893 /* PBXTargetDependency */ = {
			isa = PBXTargetDependency;
			target = B7F564D82BC20890009C7893 /* Cora */;
			targetProxy = B7F564FA2BC20893009C7893 /* PBXContainerItemProxy */;
		};
/* End PBXTargetDependency section */

/* Begin PBXVariantGroup section */
		B7F564E72BC20893009C7893 /* LaunchScreen.storyboard */ = {
			isa = PBXVariantGroup;
			children = (
				B7F564E82BC20893009C7893 /* Base */,
			);
			name = LaunchScreen.storyboard;
			sourceTree = "<group>";
		};
/* End PBXVariantGroup section */

/* Begin XCBuildConfiguration section */
		B7F565012BC20893009C7893 /* Debug */ = {
			isa = XCBuildConfiguration;
			buildSettings = {
				ALWAYS_SEARCH_USER_PATHS = NO;
				ASSETCATALOG_COMPILER_GENERATE_SWIFT_ASSET_SYMBOL_EXTENSIONS = YES;
				CLANG_ANALYZER_NONNULL = YES;
				CLANG_ANALYZER_NUMBER_OBJECT_CONVERSION = YES_AGGRESSIVE;
				CLANG_CXX_LANGUAGE_STANDARD = "gnu++20";
				CLANG_ENABLE_MODULES = YES;
				CLANG_ENABLE_OBJC_ARC = YES;
				CLANG_ENABLE_OBJC_WEAK = YES;
				CLANG_WARN_BLOCK_CAPTURE_AUTORELEASING = YES;
				CLANG_WARN_BOOL_CONVERSION = YES;
				CLANG_WARN_COMMA = YES;
				CLANG_WARN_CONSTANT_CONVERSION = YES;
				CLANG_WARN_DEPRECATED_OBJC_IMPLEMENTATIONS = YES;
				CLANG_WARN_DIRECT_OBJC_ISA_USAGE = YES_ERROR;
				CLANG_WARN_DOCUMENTATION_COMMENTS = YES;
				CLANG_WARN_EMPTY_BODY = YES;
				CLANG_WARN_ENUM_CONVERSION = YES;
				CLANG_WARN_INFINITE_RECURSION = YES;
				CLANG_WARN_INT_CONVERSION = YES;
				CLANG_WARN_NON_LITERAL_NULL_CONVERSION = YES;
				CLANG_WARN_OBJC_IMPLICIT_RETAIN_SELF = YES;
				CLANG_WARN_OBJC_LITERAL_CONVERSION = YES;
				CLANG_WARN_OBJC_ROOT_CLASS = YES_ERROR;
				CLANG_WARN_QUOTED_INCLUDE_IN_FRAMEWORK_HEADER = YES;
				CLANG_WARN_RANGE_LOOP_ANALYSIS = YES;
				CLANG_WARN_STRICT_PROTOTYPES = YES;
				CLANG_WARN_SUSPICIOUS_MOVE = YES;
				CLANG_WARN_UNGUARDED_AVAILABILITY = YES_AGGRESSIVE;
				CLANG_WARN_UNREACHABLE_CODE = YES;
				CLANG_WARN__DUPLICATE_METHOD_MATCH = YES;
				COPY_PHASE_STRIP = NO;
				DEBUG_INFORMATION_FORMAT = dwarf;
				ENABLE_STRICT_OBJC_MSGSEND = YES;
				ENABLE_TESTABILITY = YES;
				ENABLE_USER_SCRIPT_SANDBOXING = YES;
				GCC_C_LANGUAGE_STANDARD = gnu17;
				GCC_DYNAMIC_NO_PIC = NO;
				GCC_NO_COMMON_BLOCKS = YES;
				GCC_OPTIMIZATION_LEVEL = 0;
				GCC_PREPROCESSOR_DEFINITIONS = (
					"DEBUG=1",
					"$(inherited)",
				);
				GCC_WARN_64_TO_32_BIT_CONVERSION = YES;
				GCC_WARN_ABOUT_RETURN_TYPE = YES_ERROR;
				GCC_WARN_UNDECLARED_SELECTOR = YES;
				GCC_WARN_UNINITIALIZED_AUTOS = YES_AGGRESSIVE;
				GCC_WARN_UNUSED_FUNCTION = YES;
				GCC_WARN_UNUSED_VARIABLE = YES;
				IPHONEOS_DEPLOYMENT_TARGET = 17.4;
				LOCALIZATION_PREFERS_STRING_CATALOGS = YES;
				MTL_ENABLE_DEBUG_INFO = INCLUDE_SOURCE;
				MTL_FAST_MATH = YES;
				ONLY_ACTIVE_ARCH = YES;
				SDKROOT = iphoneos;
				SWIFT_ACTIVE_COMPILATION_CONDITIONS = "DEBUG $(inherited)";
				SWIFT_OPTIMIZATION_LEVEL = "-Onone";
			};
			name = Debug;
		};
		B7F565022BC20893009C7893 /* Release */ = {
			isa = XCBuildConfiguration;
			buildSettings = {
				ALWAYS_SEARCH_USER_PATHS = NO;
				ASSETCATALOG_COMPILER_GENERATE_SWIFT_ASSET_SYMBOL_EXTENSIONS = YES;
				CLANG_ANALYZER_NONNULL = YES;
				CLANG_ANALYZER_NUMBER_OBJECT_CONVERSION = YES_AGGRESSIVE;
				CLANG_CXX_LANGUAGE_STANDARD = "gnu++20";
				CLANG_ENABLE_MODULES = YES;
				CLANG_ENABLE_OBJC_ARC = YES;
				CLANG_ENABLE_OBJC_WEAK = YES;
				CLANG_WARN_BLOCK_CAPTURE_AUTORELEASING = YES;
				CLANG_WARN_BOOL_CONVERSION = YES;
				CLANG_WARN_COMMA = YES;
				CLANG_WARN_CONSTANT_CONVERSION = YES;
				CLANG_WARN_DEPRECATED_OBJC_IMPLEMENTATIONS = YES;
				CLANG_WARN_DIRECT_OBJC_ISA_USAGE = YES_ERROR;
				CLANG_WARN_DOCUMENTATION_COMMENTS = YES;
				CLANG_WARN_EMPTY_BODY = YES;
				CLANG_WARN_ENUM_CONVERSION = YES;
				CLANG_WARN_INFINITE_RECURSION = YES;
				CLANG_WARN_INT_CONVERSION = YES;
				CLANG_WARN_NON_LITERAL_NULL_CONVERSION = YES;
				CLANG_WARN_OBJC_IMPLICIT_RETAIN_SELF = YES;
				CLANG_WARN_OBJC_LITERAL_CONVERSION = YES;
				CLANG_WARN_OBJC_ROOT_CLASS = YES_ERROR;
				CLANG_WARN_QUOTED_INCLUDE_IN_FRAMEWORK_HEADER = YES;
				CLANG_WARN_RANGE_LOOP_ANALYSIS = YES;
				CLANG_WARN_STRICT_PROTOTYPES = YES;
				CLANG_WARN_SUSPICIOUS_MOVE = YES;
				CLANG_WARN_UNGUARDED_AVAILABILITY = YES_AGGRESSIVE;
				CLANG_WARN_UNREACHABLE_CODE = YES;
				CLANG_WARN__DUPLICATE_METHOD_MATCH = YES;
				COPY_PHASE_STRIP = NO;
				DEBUG_INFORMATION_FORMAT = "dwarf-with-dsym";
				ENABLE_NS_ASSERTIONS = NO;
				ENABLE_STRICT_OBJC_MSGSEND = YES;
				ENABLE_USER_SCRIPT_SANDBOXING = YES;
				GCC_C_LANGUAGE_STANDARD = gnu17;
				GCC_NO_COMMON_BLOCKS = YES;
				GCC_WARN_64_TO_32_BIT_CONVERSION = YES;
				GCC_WARN_ABOUT_RETURN_TYPE = YES_ERROR;
				GCC_WARN_UNDECLARED_SELECTOR = YES;
				GCC_WARN_UNINITIALIZED_AUTOS = YES_AGGRESSIVE;
				GCC_WARN_UNUSED_FUNCTION = YES;
				GCC_WARN_UNUSED_VARIABLE = YES;
				IPHONEOS_DEPLOYMENT_TARGET = 17.4;
				LOCALIZATION_PREFERS_STRING_CATALOGS = YES;
				MTL_ENABLE_DEBUG_INFO = NO;
				MTL_FAST_MATH = YES;
				SDKROOT = iphoneos;
				SWIFT_COMPILATION_MODE = wholemodule;
				VALIDATE_PRODUCT = YES;
			};
			name = Release;
		};
		B7F565042BC20893009C7893 /* Debug */ = {
			isa = XCBuildConfiguration;
			buildSettings = {
				ASSETCATALOG_COMPILER_APPICON_NAME = AppIcon;
				ASSETCATALOG_COMPILER_GLOBAL_ACCENT_COLOR_NAME = AccentColor;
				CODE_SIGN_STYLE = Automatic;
				CURRENT_PROJECT_VERSION = 1;
				DEVELOPMENT_TEAM = U8M84SE4ND;
				GENERATE_INFOPLIST_FILE = YES;
				INFOPLIST_FILE = Cora/Info.plist;
				INFOPLIST_KEY_UIApplicationSupportsIndirectInputEvents = YES;
				INFOPLIST_KEY_UILaunchStoryboardName = LaunchScreen;
				INFOPLIST_KEY_UISupportedInterfaceOrientations = UIInterfaceOrientationPortrait;
				INFOPLIST_KEY_UISupportedInterfaceOrientations_iPad = "UIInterfaceOrientationLandscapeLeft UIInterfaceOrientationLandscapeRight UIInterfaceOrientationPortrait UIInterfaceOrientationPortraitUpsideDown";
				LD_RUNPATH_SEARCH_PATHS = (
					"$(inherited)",
					"@executable_path/Frameworks",
				);
				MARKETING_VERSION = 1.0;
				PRODUCT_BUNDLE_IDENTIFIER = com.FabioQuintanilha.Cora;
				PRODUCT_NAME = "$(TARGET_NAME)";
				SUPPORTED_PLATFORMS = "iphoneos iphonesimulator";
				SUPPORTS_MACCATALYST = NO;
				SUPPORTS_MAC_DESIGNED_FOR_IPHONE_IPAD = NO;
				SUPPORTS_XR_DESIGNED_FOR_IPHONE_IPAD = NO;
				SWIFT_EMIT_LOC_STRINGS = YES;
				SWIFT_VERSION = 5.0;
				TARGETED_DEVICE_FAMILY = 1;
			};
			name = Debug;
		};
		B7F565052BC20893009C7893 /* Release */ = {
			isa = XCBuildConfiguration;
			buildSettings = {
				ASSETCATALOG_COMPILER_APPICON_NAME = AppIcon;
				ASSETCATALOG_COMPILER_GLOBAL_ACCENT_COLOR_NAME = AccentColor;
				CODE_SIGN_STYLE = Automatic;
				CURRENT_PROJECT_VERSION = 1;
				DEVELOPMENT_TEAM = U8M84SE4ND;
				GENERATE_INFOPLIST_FILE = YES;
				INFOPLIST_FILE = Cora/Info.plist;
				INFOPLIST_KEY_UIApplicationSupportsIndirectInputEvents = YES;
				INFOPLIST_KEY_UILaunchStoryboardName = LaunchScreen;
				INFOPLIST_KEY_UISupportedInterfaceOrientations = UIInterfaceOrientationPortrait;
				INFOPLIST_KEY_UISupportedInterfaceOrientations_iPad = "UIInterfaceOrientationLandscapeLeft UIInterfaceOrientationLandscapeRight UIInterfaceOrientationPortrait UIInterfaceOrientationPortraitUpsideDown";
				LD_RUNPATH_SEARCH_PATHS = (
					"$(inherited)",
					"@executable_path/Frameworks",
				);
				MARKETING_VERSION = 1.0;
				PRODUCT_BUNDLE_IDENTIFIER = com.FabioQuintanilha.Cora;
				PRODUCT_NAME = "$(TARGET_NAME)";
				SUPPORTED_PLATFORMS = "iphoneos iphonesimulator";
				SUPPORTS_MACCATALYST = NO;
				SUPPORTS_MAC_DESIGNED_FOR_IPHONE_IPAD = NO;
				SUPPORTS_XR_DESIGNED_FOR_IPHONE_IPAD = NO;
				SWIFT_EMIT_LOC_STRINGS = YES;
				SWIFT_VERSION = 5.0;
				TARGETED_DEVICE_FAMILY = 1;
			};
			name = Release;
		};
		B7F565072BC20893009C7893 /* Debug */ = {
			isa = XCBuildConfiguration;
			buildSettings = {
				ALWAYS_EMBED_SWIFT_STANDARD_LIBRARIES = YES;
				BUNDLE_LOADER = "$(TEST_HOST)";
				CODE_SIGN_STYLE = Automatic;
				CURRENT_PROJECT_VERSION = 1;
				DEVELOPMENT_TEAM = U8M84SE4ND;
				GENERATE_INFOPLIST_FILE = YES;
				IPHONEOS_DEPLOYMENT_TARGET = 17.4;
				MARKETING_VERSION = 1.0;
				PRODUCT_BUNDLE_IDENTIFIER = com.FabioQuintanilha.CoraTests;
				PRODUCT_NAME = "$(TARGET_NAME)";
				SWIFT_EMIT_LOC_STRINGS = NO;
				SWIFT_VERSION = 5.0;
				TARGETED_DEVICE_FAMILY = "1,2";
				TEST_HOST = "$(BUILT_PRODUCTS_DIR)/Cora.app/$(BUNDLE_EXECUTABLE_FOLDER_PATH)/Cora";
			};
			name = Debug;
		};
		B7F565082BC20893009C7893 /* Release */ = {
			isa = XCBuildConfiguration;
			buildSettings = {
				ALWAYS_EMBED_SWIFT_STANDARD_LIBRARIES = YES;
				BUNDLE_LOADER = "$(TEST_HOST)";
				CODE_SIGN_STYLE = Automatic;
				CURRENT_PROJECT_VERSION = 1;
				DEVELOPMENT_TEAM = U8M84SE4ND;
				GENERATE_INFOPLIST_FILE = YES;
				IPHONEOS_DEPLOYMENT_TARGET = 17.4;
				MARKETING_VERSION = 1.0;
				PRODUCT_BUNDLE_IDENTIFIER = com.FabioQuintanilha.CoraTests;
				PRODUCT_NAME = "$(TARGET_NAME)";
				SWIFT_EMIT_LOC_STRINGS = NO;
				SWIFT_VERSION = 5.0;
				TARGETED_DEVICE_FAMILY = "1,2";
				TEST_HOST = "$(BUILT_PRODUCTS_DIR)/Cora.app/$(BUNDLE_EXECUTABLE_FOLDER_PATH)/Cora";
			};
			name = Release;
		};
		B7F5650A2BC20893009C7893 /* Debug */ = {
			isa = XCBuildConfiguration;
			buildSettings = {
				ALWAYS_EMBED_SWIFT_STANDARD_LIBRARIES = YES;
				CODE_SIGN_STYLE = Automatic;
				CURRENT_PROJECT_VERSION = 1;
				DEVELOPMENT_TEAM = U8M84SE4ND;
				GENERATE_INFOPLIST_FILE = YES;
				MARKETING_VERSION = 1.0;
				PRODUCT_BUNDLE_IDENTIFIER = com.FabioQuintanilha.CoraUITests;
				PRODUCT_NAME = "$(TARGET_NAME)";
				SWIFT_EMIT_LOC_STRINGS = NO;
				SWIFT_VERSION = 5.0;
				TARGETED_DEVICE_FAMILY = "1,2";
				TEST_TARGET_NAME = Cora;
			};
			name = Debug;
		};
		B7F5650B2BC20893009C7893 /* Release */ = {
			isa = XCBuildConfiguration;
			buildSettings = {
				ALWAYS_EMBED_SWIFT_STANDARD_LIBRARIES = YES;
				CODE_SIGN_STYLE = Automatic;
				CURRENT_PROJECT_VERSION = 1;
				DEVELOPMENT_TEAM = U8M84SE4ND;
				GENERATE_INFOPLIST_FILE = YES;
				MARKETING_VERSION = 1.0;
				PRODUCT_BUNDLE_IDENTIFIER = com.FabioQuintanilha.CoraUITests;
				PRODUCT_NAME = "$(TARGET_NAME)";
				SWIFT_EMIT_LOC_STRINGS = NO;
				SWIFT_VERSION = 5.0;
				TARGETED_DEVICE_FAMILY = "1,2";
				TEST_TARGET_NAME = Cora;
			};
			name = Release;
		};
/* End XCBuildConfiguration section */

/* Begin XCConfigurationList section */
		B7F564D42BC20890009C7893 /* Build configuration list for PBXProject "Cora" */ = {
			isa = XCConfigurationList;
			buildConfigurations = (
				B7F565012BC20893009C7893 /* Debug */,
				B7F565022BC20893009C7893 /* Release */,
			);
			defaultConfigurationIsVisible = 0;
			defaultConfigurationName = Release;
		};
		B7F565032BC20893009C7893 /* Build configuration list for PBXNativeTarget "Cora" */ = {
			isa = XCConfigurationList;
			buildConfigurations = (
				B7F565042BC20893009C7893 /* Debug */,
				B7F565052BC20893009C7893 /* Release */,
			);
			defaultConfigurationIsVisible = 0;
			defaultConfigurationName = Release;
		};
		B7F565062BC20893009C7893 /* Build configuration list for PBXNativeTarget "CoraTests" */ = {
			isa = XCConfigurationList;
			buildConfigurations = (
				B7F565072BC20893009C7893 /* Debug */,
				B7F565082BC20893009C7893 /* Release */,
			);
			defaultConfigurationIsVisible = 0;
			defaultConfigurationName = Release;
		};
		B7F565092BC20893009C7893 /* Build configuration list for PBXNativeTarget "CoraUITests" */ = {
			isa = XCConfigurationList;
			buildConfigurations = (
				B7F5650A2BC20893009C7893 /* Debug */,
				B7F5650B2BC20893009C7893 /* Release */,
			);
			defaultConfigurationIsVisible = 0;
			defaultConfigurationName = Release;
		};
/* End XCConfigurationList section */

/* Begin XCLocalSwiftPackageReference section */
		B71C91B12BC220BC003C6635 /* XCLocalSwiftPackageReference "../CoraUI" */ = {
			isa = XCLocalSwiftPackageReference;
			relativePath = ../CoraUI;
		};
/* End XCLocalSwiftPackageReference section */

/* Begin XCSwiftPackageProductDependency section */
		B71C91B22BC220BC003C6635 /* CoraUI */ = {
			isa = XCSwiftPackageProductDependency;
			productName = CoraUI;
		};
/* End XCSwiftPackageProductDependency section */
	};
	rootObject = B7F564D12BC20890009C7893 /* Project object */;
}
